
Microsoft Visual Studio Solution File, Format Version 12.00
# Visual Studio 15
VisualStudioVersion = 15.0.28307.572
MinimumVisualStudioVersion = 10.0.40219.1
Project("{8BC9CEB8-8B4A-11D0-8D11-00A0C91BC942}") = "WindowsProject", "WindowsProject\WindowsProject.vcxproj", "{EE11E518-FEC6-4158-AEC1-9F0AB694AA8E}"
EndProject
Project("{8BC9CEB8-8B4A-11D0-8D11-00A0C91BC942}") = "StaticLib", "StaticLib\StaticLib.vcxproj", "{10168946-03D4-4B7F-A20D-8D1211C3EEED}"
EndProject
Project("{8BC9CEB8-8B4A-11D0-8D11-00A0C91BC942}") = "UnitTest", "UnitTest\UnitTest.vcxproj", "{B07570B2-28D2-45BF-AA14-4AF9791A671C}"
EndProject
Global
	GlobalSection(SolutionConfigurationPlatforms) = preSolution
		Debug|x64 = Debug|x64
		Debug|x86 = Debug|x86
		Release|x64 = Release|x64
		Release|x86 = Release|x86
	EndGlobalSection
	GlobalSection(ProjectConfigurationPlatforms) = postSolution
		{EE11E518-FEC6-4158-AEC1-9F0AB694AA8E}.Debug|x64.ActiveCfg = Debug|x64
		{EE11E518-FEC6-4158-AEC1-9F0AB694AA8E}.Debug|x64.Build.0 = Debug|x64
		{EE11E518-FEC6-4158-AEC1-9F0AB694AA8E}.Debug|x86.ActiveCfg = Debug|Win32
		{EE11E518-FEC6-4158-AEC1-9F0AB694AA8E}.Debug|x86.Build.0 = Debug|Win32
		{EE11E518-FEC6-4158-AEC1-9F0AB694AA8E}.Release|x64.ActiveCfg = Release|x64
		{EE11E518-FEC6-4158-AEC1-9F0AB694AA8E}.Release|x64.Build.0 = Release|x64
		{EE11E518-FEC6-4158-AEC1-9F0AB694AA8E}.Release|x86.ActiveCfg = Release|Win32
		{EE11E518-FEC6-4158-AEC1-9F0AB694AA8E}.Release|x86.Build.0 = Release|Win32
		{10168946-03D4-4B7F-A20D-8D1211C3EEED}.Debug|x64.ActiveCfg = Debug|x64
		{10168946-03D4-4B7F-A20D-8D1211C3EEED}.Debug|x64.Build.0 = Debug|x64
		{10168946-03D4-4B7F-A20D-8D1211C3EEED}.Debug|x86.ActiveCfg = Debug|Win32
		{10168946-03D4-4B7F-A20D-8D1211C3EEED}.Debug|x86.Build.0 = Debug|Win32
		{10168946-03D4-4B7F-A20D-8D1211C3EEED}.Release|x64.ActiveCfg = Release|x64
		{10168946-03D4-4B7F-A20D-8D1211C3EEED}.Release|x64.Build.0 = Release|x64
		{10168946-03D4-4B7F-A20D-8D1211C3EEED}.Release|x86.ActiveCfg = Release|Win32
		{10168946-03D4-4B7F-A20D-8D1211C3EEED}.Release|x86.Build.0 = Release|Win32
		{B07570B2-28D2-45BF-AA14-4AF9791A671C}.Debug|x64.ActiveCfg = Debug|Win32
		{B07570B2-28D2-45BF-AA14-4AF9791A671C}.Debug|x86.ActiveCfg = Debug|Win32
		{B07570B2-28D2-45BF-AA14-4AF9791A671C}.Debug|x86.Build.0 = Debug|Win32
		{B07570B2-28D2-45BF-AA14-4AF9791A671C}.Release|x64.ActiveCfg = Release|Win32
		{B07570B2-28D2-45BF-AA14-4AF9791A671C}.Release|x86.ActiveCfg = Release|Win32
		{B07570B2-28D2-45BF-AA14-4AF9791A671C}.Release|x86.Build.0 = Release|Win32
	EndGlobalSection
	GlobalSection(SolutionProperties) = preSolution
		HideSolutionNode = FALSE
	EndGlobalSection
	GlobalSection(ExtensibilityGlobals) = postSolution
		SolutionGuid = {A7A550E5-C958-45FC-B534-30AE299FE7C2}
	EndGlobalSection
EndGlobal
